
Microsoft Visual Studio Solution File, Format Version 12.00
# Visual Studio Version 16
VisualStudioVersion = 16.0.31105.61
MinimumVisualStudioVersion = 10.0.40219.1
Project("{FAE04EC0-301F-11D3-BF4B-00C04F79EFBC}") = "AsyncAwait", "AsyncAwait\AsyncAwait.csproj", "{6955D07D-5421-4715-9D0F-B4BF560D417C}"
EndProject
Global
	GlobalSection(SolutionConfigurationPlatforms) = preSolution
		Debug|Any CPU = Debug|Any CPU
		Release|Any CPU = Release|Any CPU
	EndGlobalSection
	GlobalSection(ProjectConfigurationPlatforms) = postSolution
		{6955D07D-5421-4715-9D0F-B4BF560D417C}.Debug|Any CPU.ActiveCfg = Debug|Any CPU
		{6955D07D-5421-4715-9D0F-B4BF560D417C}.Debug|Any CPU.Build.0 = Debug|Any CPU
		{6955D07D-5421-4715-9D0F-B4BF560D417C}.Release|Any CPU.ActiveCfg = Release|Any CPU
		{6955D07D-5421-4715-9D0F-B4BF560D417C}.Release|Any CPU.Build.0 = Release|Any CPU
	EndGlobalSection
	GlobalSection(SolutionProperties) = preSolution
		HideSolutionNode = FALSE
	EndGlobalSection
	GlobalSection(ExtensibilityGlobals) = postSolution
		SolutionGuid = {E79B15AE-C837-411B-AA29-B3E03C6A2596}
	EndGlobalSection
EndGlobal
